// !$*UTF8*$!
{
	archiveVersion = 1;
	classes = {
	};
	objectVersion = 50;
	objects = {

/* Begin PBXBuildFile section */
		9EBEB46E2306356200A2479C /* AppDelegate.swift in Sources */ = {isa = PBXBuildFile; fileRef = 9EBEB46D2306356200A2479C /* AppDelegate.swift */; };
		9EBEB4732306356200A2479C /* Main.storyboard in Resources */ = {isa = PBXBuildFile; fileRef = 9EBEB4712306356200A2479C /* Main.storyboard */; };
		9EBEB4752306356300A2479C /* Assets.xcassets in Resources */ = {isa = PBXBuildFile; fileRef = 9EBEB4742306356300A2479C /* Assets.xcassets */; };
		9EBEB4782306356300A2479C /* LaunchScreen.storyboard in Resources */ = {isa = PBXBuildFile; fileRef = 9EBEB4762306356300A2479C /* LaunchScreen.storyboard */; };
		9EBEB4802306368500A2479C /* NotesTableViewController.swift in Sources */ = {isa = PBXBuildFile; fileRef = 9EBEB47F2306368500A2479C /* NotesTableViewController.swift */; };
		9EBEB4822306380000A2479C /* AddViewController.swift in Sources */ = {isa = PBXBuildFile; fileRef = 9EBEB4812306380000A2479C /* AddViewController.swift */; };
		9EBEB48423063DB100A2479C /* Note.swift in Sources */ = {isa = PBXBuildFile; fileRef = 9EBEB48323063DB100A2479C /* Note.swift */; };
		9EBEB48623063DFA00A2479C /* NoteController.swift in Sources */ = {isa = PBXBuildFile; fileRef = 9EBEB48523063DFA00A2479C /* NoteController.swift */; };
		9EBEB488230642B900A2479C /* NotesTableViewCell.swift in Sources */ = {isa = PBXBuildFile; fileRef = 9EBEB487230642B900A2479C /* NotesTableViewCell.swift */; };
/* End PBXBuildFile section */

/* Begin PBXFileReference section */
		9EBEB46A2306356200A2479C /* NotesApp2.app */ = {isa = PBXFileReference; explicitFileType = wrapper.application; includeInIndex = 0; path = NotesApp2.app; sourceTree = BUILT_PRODUCTS_DIR; };
		9EBEB46D2306356200A2479C /* AppDelegate.swift */ = {isa = PBXFileReference; lastKnownFileType = sourcecode.swift; path = AppDelegate.swift; sourceTree = "<group>"; };
		9EBEB4722306356200A2479C /* Base */ = {isa = PBXFileReference; lastKnownFileType = file.storyboard; name = Base; path = Base.lproj/Main.storyboard; sourceTree = "<group>"; };
		9EBEB4742306356300A2479C /* Assets.xcassets */ = {isa = PBXFileReference; lastKnownFileType = folder.assetcatalog; path = Assets.xcassets; sourceTree = "<group>"; };
		9EBEB4772306356300A2479C /* Base */ = {isa = PBXFileReference; lastKnownFileType = file.storyboard; name = Base; path = Base.lproj/LaunchScreen.storyboard; sourceTree = "<group>"; };
		9EBEB4792306356300A2479C /* Info.plist */ = {isa = PBXFileReference; lastKnownFileType = text.plist.xml; path = Info.plist; sourceTree = "<group>"; };
		9EBEB47F2306368500A2479C /* NotesTableViewController.swift */ = {isa = PBXFileReference; lastKnownFileType = sourcecode.swift; path = NotesTableViewController.swift; sourceTree = "<group>"; };
		9EBEB4812306380000A2479C /* AddViewController.swift */ = {isa = PBXFileReference; lastKnownFileType = sourcecode.swift; path = AddViewController.swift; sourceTree = "<group>"; };
		9EBEB48323063DB100A2479C /* Note.swift */ = {isa = PBXFileReference; lastKnownFileType = sourcecode.swift; path = Note.swift; sourceTree = "<group>"; };
		9EBEB48523063DFA00A2479C /* NoteController.swift */ = {isa = PBXFileReference; lastKnownFileType = sourcecode.swift; path = NoteController.swift; sourceTree = "<group>"; };
		9EBEB487230642B900A2479C /* NotesTableViewCell.swift */ = {isa = PBXFileReference; lastKnownFileType = sourcecode.swift; path = NotesTableViewCell.swift; sourceTree = "<group>"; };
/* End PBXFileReference section */

/* Begin PBXFrameworksBuildPhase section */
		9EBEB4672306356200A2479C /* Frameworks */ = {
			isa = PBXFrameworksBuildPhase;
			buildActionMask = 2147483647;
			files = (
			);
			runOnlyForDeploymentPostprocessing = 0;
		};
/* End PBXFrameworksBuildPhase section */

/* Begin PBXGroup section */
		9EBEB4612306356200A2479C = {
			isa = PBXGroup;
			children = (
				9EBEB46C2306356200A2479C /* NotesApp2 */,
				9EBEB46B2306356200A2479C /* Products */,
			);
			sourceTree = "<group>";
		};
		9EBEB46B2306356200A2479C /* Products */ = {
			isa = PBXGroup;
			children = (
				9EBEB46A2306356200A2479C /* NotesApp2.app */,
			);
			name = Products;
			sourceTree = "<group>";
		};
		9EBEB46C2306356200A2479C /* NotesApp2 */ = {
			isa = PBXGroup;
			children = (
				9EBEB46D2306356200A2479C /* AppDelegate.swift */,
				9EBEB47F2306368500A2479C /* NotesTableViewController.swift */,
				9EBEB4712306356200A2479C /* Main.storyboard */,
				9EBEB487230642B900A2479C /* NotesTableViewCell.swift */,
				9EBEB4812306380000A2479C /* AddViewController.swift */,
				9EBEB4742306356300A2479C /* Assets.xcassets */,
				9EBEB48523063DFA00A2479C /* NoteController.swift */,
				9EBEB48323063DB100A2479C /* Note.swift */,
				9EBEB4762306356300A2479C /* LaunchScreen.storyboard */,
				9EBEB4792306356300A2479C /* Info.plist */,
			);
			path = NotesApp2;
			sourceTree = "<group>";
		};
/* End PBXGroup section */

/* Begin PBXNativeTarget section */
		9EBEB4692306356200A2479C /* NotesApp2 */ = {
			isa = PBXNativeTarget;
			buildConfigurationList = 9EBEB47C2306356300A2479C /* Build configuration list for PBXNativeTarget "NotesApp2" */;
			buildPhases = (
				9EBEB4662306356200A2479C /* Sources */,
				9EBEB4672306356200A2479C /* Frameworks */,
				9EBEB4682306356200A2479C /* Resources */,
			);
			buildRules = (
			);
			dependencies = (
			);
			name = NotesApp2;
			productName = NotesApp2;
			productReference = 9EBEB46A2306356200A2479C /* NotesApp2.app */;
			productType = "com.apple.product-type.application";
		};
/* End PBXNativeTarget section */

/* Begin PBXProject section */
		9EBEB4622306356200A2479C /* Project object */ = {
			isa = PBXProject;
			attributes = {
				LastSwiftUpdateCheck = 1030;
				LastUpgradeCheck = 1030;
				ORGANIZATIONNAME = "William Chen";
				TargetAttributes = {
					9EBEB4692306356200A2479C = {
						CreatedOnToolsVersion = 10.3;
					};
				};
			};
			buildConfigurationList = 9EBEB4652306356200A2479C /* Build configuration list for PBXProject "NotesApp2" */;
			compatibilityVersion = "Xcode 9.3";
			developmentRegion = en;
			hasScannedForEncodings = 0;
			knownRegions = (
				en,
				Base,
			);
			mainGroup = 9EBEB4612306356200A2479C;
			productRefGroup = 9EBEB46B2306356200A2479C /* Products */;
			projectDirPath = "";
			projectRoot = "";
			targets = (
				9EBEB4692306356200A2479C /* NotesApp2 */,
			);
		};
/* End PBXProject section */

/* Begin PBXResourcesBuildPhase section */
		9EBEB4682306356200A2479C /* Resources */ = {
			isa = PBXResourcesBuildPhase;
			buildActionMask = 2147483647;
			files = (
				9EBEB4782306356300A2479C /* LaunchScreen.storyboard in Resources */,
				9EBEB4752306356300A2479C /* Assets.xcassets in Resources */,
				9EBEB4732306356200A2479C /* Main.storyboard in Resources */,
			);
			runOnlyForDeploymentPostprocessing = 0;
		};
/* End PBXResourcesBuildPhase section */

/* Begin PBXSourcesBuildPhase section */
		9EBEB4662306356200A2479C /* Sources */ = {
			isa = PBXSourcesBuildPhase;
			buildActionMask = 2147483647;
			files = (
				9EBEB46E2306356200A2479C /* AppDelegate.swift in Sources */,
				9EBEB4822306380000A2479C /* AddViewController.swift in Sources */,
				9EBEB4802306368500A2479C /* NotesTableViewController.swift in Sources */,
				9EBEB48423063DB100A2479C /* Note.swift in Sources */,
				9EBEB48623063DFA00A2479C /* NoteController.swift in Sources */,
				9EBEB488230642B900A2479C /* NotesTableViewCell.swift in Sources */,
			);
			runOnlyForDeploymentPostprocessing = 0;
		};
/* End PBXSourcesBuildPhase section */

/* Begin PBXVariantGroup section */
		9EBEB4712306356200A2479C /* Main.storyboard */ = {
			isa = PBXVariantGroup;
			children = (
				9EBEB4722306356200A2479C /* Base */,
			);
			name = Main.storyboard;
			sourceTree = "<group>";
		};
		9EBEB4762306356300A2479C /* LaunchScreen.storyboard */ = {
			isa = PBXVariantGroup;
			children = (
				9EBEB4772306356300A2479C /* Base */,
			);
			name = LaunchScreen.storyboard;
			sourceTree = "<group>";
		};
/* End PBXVariantGroup section */

/* Begin XCBuildConfiguration section */
		9EBEB47A2306356300A2479C /* Debug */ = {
			isa = XCBuildConfiguration;
			buildSettings = {
				ALWAYS_SEARCH_USER_PATHS = NO;
				CLANG_ANALYZER_NONNULL = YES;
				CLANG_ANALYZER_NUMBER_OBJECT_CONVERSION = YES_AGGRESSIVE;
				CLANG_CXX_LANGUAGE_STANDARD = "gnu++14";
				CLANG_CXX_LIBRARY = "libc++";
				CLANG_ENABLE_MODULES = YES;
				CLANG_ENABLE_OBJC_ARC = YES;
				CLANG_ENABLE_OBJC_WEAK = YES;
				CLANG_WARN_BLOCK_CAPTURE_AUTORELEASING = YES;
				CLANG_WARN_BOOL_CONVERSION = YES;
				CLANG_WARN_COMMA = YES;
				CLANG_WARN_CONSTANT_CONVERSION = YES;
				CLANG_WARN_DEPRECATED_OBJC_IMPLEMENTATIONS = YES;
				CLANG_WARN_DIRECT_OBJC_ISA_USAGE = YES_ERROR;
				CLANG_WARN_DOCUMENTATION_COMMENTS = YES;
				CLANG_WARN_EMPTY_BODY = YES;
				CLANG_WARN_ENUM_CONVERSION = YES;
				CLANG_WARN_INFINITE_RECURSION = YES;
				CLANG_WARN_INT_CONVERSION = YES;
				CLANG_WARN_NON_LITERAL_NULL_CONVERSION = YES;
				CLANG_WARN_OBJC_IMPLICIT_RETAIN_SELF = YES;
				CLANG_WARN_OBJC_LITERAL_CONVERSION = YES;
				CLANG_WARN_OBJC_ROOT_CLASS = YES_ERROR;
				CLANG_WARN_RANGE_LOOP_ANALYSIS = YES;
				CLANG_WARN_STRICT_PROTOTYPES = YES;
				CLANG_WARN_SUSPICIOUS_MOVE = YES;
				CLANG_WARN_UNGUARDED_AVAILABILITY = YES_AGGRESSIVE;
				CLANG_WARN_UNREACHABLE_CODE = YES;
				CLANG_WARN__DUPLICATE_METHOD_MATCH = YES;
				CODE_SIGN_IDENTITY = "iPhone Developer";
				COPY_PHASE_STRIP = NO;
				DEBUG_INFORMATION_FORMAT = dwarf;
				ENABLE_STRICT_OBJC_MSGSEND = YES;
				ENABLE_TESTABILITY = YES;
				GCC_C_LANGUAGE_STANDARD = gnu11;
				GCC_DYNAMIC_NO_PIC = NO;
				GCC_NO_COMMON_BLOCKS = YES;
				GCC_OPTIMIZATION_LEVEL = 0;
				GCC_PREPROCESSOR_DEFINITIONS = (
					"DEBUG=1",
					"$(inherited)",
				);
				GCC_WARN_64_TO_32_BIT_CONVERSION = YES;
				GCC_WARN_ABOUT_RETURN_TYPE = YES_ERROR;
				GCC_WARN_UNDECLARED_SELECTOR = YES;
				GCC_WARN_UNINITIALIZED_AUTOS = YES_AGGRESSIVE;
				GCC_WARN_UNUSED_FUNCTION = YES;
				GCC_WARN_UNUSED_VARIABLE = YES;
				IPHONEOS_DEPLOYMENT_TARGET = 12.4;
				MTL_ENABLE_DEBUG_INFO = INCLUDE_SOURCE;
				MTL_FAST_MATH = YES;
				ONLY_ACTIVE_ARCH = YES;
				SDKROOT = iphoneos;
				SWIFT_ACTIVE_COMPILATION_CONDITIONS = DEBUG;
				SWIFT_OPTIMIZATION_LEVEL = "-Onone";
			};
			name = Debug;
		};
		9EBEB47B2306356300A2479C /* Release */ = {
			isa = XCBuildConfiguration;
			buildSettings = {
				ALWAYS_SEARCH_USER_PATHS = NO;
				CLANG_ANALYZER_NONNULL = YES;
				CLANG_ANALYZER_NUMBER_OBJECT_CONVERSION = YES_AGGRESSIVE;
				CLANG_CXX_LANGUAGE_STANDARD = "gnu++14";
				CLANG_CXX_LIBRARY = "libc++";
				CLANG_ENABLE_MODULES = YES;
				CLANG_ENABLE_OBJC_ARC = YES;
				CLANG_ENABLE_OBJC_WEAK = YES;
				CLANG_WARN_BLOCK_CAPTURE_AUTORELEASING = YES;
				CLANG_WARN_BOOL_CONVERSION = YES;
				CLANG_WARN_COMMA = YES;
				CLANG_WARN_CONSTANT_CONVERSION = YES;
				CLANG_WARN_DEPRECATED_OBJC_IMPLEMENTATIONS = YES;
				CLANG_WARN_DIRECT_OBJC_ISA_USAGE = YES_ERROR;
				CLANG_WARN_DOCUMENTATION_COMMENTS = YES;
				CLANG_WARN_EMPTY_BODY = YES;
				CLANG_WARN_ENUM_CONVERSION = YES;
				CLANG_WARN_INFINITE_RECURSION = YES;
				CLANG_WARN_INT_CONVERSION = YES;
				CLANG_WARN_NON_LITERAL_NULL_CONVERSION = YES;
				CLANG_WARN_OBJC_IMPLICIT_RETAIN_SELF = YES;
				CLANG_WARN_OBJC_LITERAL_CONVERSION = YES;
				CLANG_WARN_OBJC_ROOT_CLASS = YES_ERROR;
				CLANG_WARN_RANGE_LOOP_ANALYSIS = YES;
				CLANG_WARN_STRICT_PROTOTYPES = YES;
				CLANG_WARN_SUSPICIOUS_MOVE = YES;
				CLANG_WARN_UNGUARDED_AVAILABILITY = YES_AGGRESSIVE;
				CLANG_WARN_UNREACHABLE_CODE = YES;
				CLANG_WARN__DUPLICATE_METHOD_MATCH = YES;
				CODE_SIGN_IDENTITY = "iPhone Developer";
				COPY_PHASE_STRIP = NO;
				DEBUG_INFORMATION_FORMAT = "dwarf-with-dsym";
				ENABLE_NS_ASSERTIONS = NO;
				ENABLE_STRICT_OBJC_MSGSEND = YES;
				GCC_C_LANGUAGE_STANDARD = gnu11;
				GCC_NO_COMMON_BLOCKS = YES;
				GCC_WARN_64_TO_32_BIT_CONVERSION = YES;
				GCC_WARN_ABOUT_RETURN_TYPE = YES_ERROR;
				GCC_WARN_UNDECLARED_SELECTOR = YES;
				GCC_WARN_UNINITIALIZED_AUTOS = YES_AGGRESSIVE;
				GCC_WARN_UNUSED_FUNCTION = YES;
				GCC_WARN_UNUSED_VARIABLE = YES;
				IPHONEOS_DEPLOYMENT_TARGET = 12.4;
				MTL_ENABLE_DEBUG_INFO = NO;
				MTL_FAST_MATH = YES;
				SDKROOT = iphoneos;
				SWIFT_COMPILATION_MODE = wholemodule;
				SWIFT_OPTIMIZATION_LEVEL = "-O";
				VALIDATE_PRODUCT = YES;
			};
			name = Release;
		};
		9EBEB47D2306356300A2479C /* Debug */ = {
			isa = XCBuildConfiguration;
			buildSettings = {
				ASSETCATALOG_COMPILER_APPICON_NAME = AppIcon;
				CODE_SIGN_STYLE = Automatic;
				INFOPLIST_FILE = NotesApp2/Info.plist;
				LD_RUNPATH_SEARCH_PATHS = (
					"$(inherited)",
					"@executable_path/Frameworks",
				);
				PRODUCT_BUNDLE_IDENTIFIER = Lambda.NotesApp2;
				PRODUCT_NAME = "$(TARGET_NAME)";
				SWIFT_VERSION = 5.0;
				TARGETED_DEVICE_FAMILY = "1,2";
			};
			name = Debug;
		};
		9EBEB47E2306356300A2479C /* Release */ = {
			isa = XCBuildConfiguration;
			buildSettings = {
				ASSETCATALOG_COMPILER_APPICON_NAME = AppIcon;
				CODE_SIGN_STYLE = Automatic;
				INFOPLIST_FILE = NotesApp2/Info.plist;
				LD_RUNPATH_SEARCH_PATHS = (
					"$(inherited)",
					"@executable_path/Frameworks",
				);
				PRODUCT_BUNDLE_IDENTIFIER = Lambda.NotesApp2;
				PRODUCT_NAME = "$(TARGET_NAME)";
				SWIFT_VERSION = 5.0;
				TARGETED_DEVICE_FAMILY = "1,2";
			};
			name = Release;
		};
/* End XCBuildConfiguration section */

/* Begin XCConfigurationList section */
		9EBEB4652306356200A2479C /* Build configuration list for PBXProject "NotesApp2" */ = {
			isa = XCConfigurationList;
			buildConfigurations = (
				9EBEB47A2306356300A2479C /* Debug */,
				9EBEB47B2306356300A2479C /* Release */,
			);
			defaultConfigurationIsVisible = 0;
			defaultConfigurationName = Release;
		};
		9EBEB47C2306356300A2479C /* Build configuration list for PBXNativeTarget "NotesApp2" */ = {
			isa = XCConfigurationList;
			buildConfigurations = (
				9EBEB47D2306356300A2479C /* Debug */,
				9EBEB47E2306356300A2479C /* Release */,
			);
			defaultConfigurationIsVisible = 0;
			defaultConfigurationName = Release;
		};
/* End XCConfigurationList section */
	};
	rootObject = 9EBEB4622306356200A2479C /* Project object */;
}
